// !$*UTF8*$!
{
	archiveVersion = 1;
	classes = {
	};
	objectVersion = 46;
	objects = {

/* Begin PBXBuildFile section */
		AD00129B1455E28D00BBEE91 /* switchamajig_50.png in Resources */ = {isa = PBXBuildFile; fileRef = AD0012991455E28D00BBEE91 /* switchamajig_50.png */; };
		AD00129C1455E28D00BBEE91 /* switchamajig_72.png in Resources */ = {isa = PBXBuildFile; fileRef = AD00129A1455E28D00BBEE91 /* switchamajig_72.png */; };
		AD17D5EE1573521E0080A828 /* libKissXML.a in Frameworks */ = {isa = PBXBuildFile; fileRef = AD17D5ED1573521E0080A828 /* libKissXML.a */; };
		AD3DD725141ACA0900DB8AEB /* Reachability.m in Sources */ = {isa = PBXBuildFile; fileRef = AD3DD724141ACA0900DB8AEB /* Reachability.m */; settings = {COMPILER_FLAGS = "-fno-objc-arc"; }; };
		AD3DD728141AD54E00DB8AEB /* SystemConfiguration.framework in Frameworks */ = {isa = PBXBuildFile; fileRef = AD3DD727141AD54E00DB8AEB /* SystemConfiguration.framework */; };
		AD3DD72B141B1DF100DB8AEB /* switchPanelViewController.m in Sources */ = {isa = PBXBuildFile; fileRef = AD3DD72A141B1DF100DB8AEB /* switchPanelViewController.m */; };
		AD4D39A014AAEF3600ADA893 /* 6_tworows.xml in Resources */ = {isa = PBXBuildFile; fileRef = AD4D399F14AAEF3600ADA893 /* 6_tworows.xml */; };
		AD554844154F318A008C246D /* ir_5_basic.xml in Resources */ = {isa = PBXBuildFile; fileRef = AD554843154F318A008C246D /* ir_5_basic.xml */; };
		AD762F3B14F31BB700812CF8 /* Settings.bundle in Resources */ = {isa = PBXBuildFile; fileRef = AD762F3A14F31BB700812CF8 /* Settings.bundle */; };
		AD762F3E14F3650E00812CF8 /* 6_steering.xml in Resources */ = {isa = PBXBuildFile; fileRef = AD762F3D14F3650D00812CF8 /* 6_steering.xml */; };
		AD83006014E068A7007E5773 /* socket_switchamajig1_cfg.cpp in Sources */ = {isa = PBXBuildFile; fileRef = AD83005F14E068A7007E5773 /* socket_switchamajig1_cfg.cpp */; };
		AD86623414B567AB00C5860D /* configViewController.m in Sources */ = {isa = PBXBuildFile; fileRef = AD86623214B567AB00C5860D /* configViewController.m */; };
		AD86623514B567AB00C5860D /* configViewController.xib in Resources */ = {isa = PBXBuildFile; fileRef = AD86623314B567AB00C5860D /* configViewController.xib */; };
		AD921B01157D507A00940981 /* libSwitchamajigDriver.a in Frameworks */ = {isa = PBXBuildFile; fileRef = AD921B00157D507A00940981 /* libSwitchamajigDriver.a */; };
		AD921B04157D6CA100940981 /* CFNetwork.framework in Frameworks */ = {isa = PBXBuildFile; fileRef = AD921B03157D6CA000940981 /* CFNetwork.framework */; };
		AD921B06157D6CAC00940981 /* Security.framework in Frameworks */ = {isa = PBXBuildFile; fileRef = AD921B05157D6CAC00940981 /* Security.framework */; };
		ADB75BF013DB539C00448025 /* UIKit.framework in Frameworks */ = {isa = PBXBuildFile; fileRef = ADB75BEF13DB539C00448025 /* UIKit.framework */; };
		ADB75BF213DB539C00448025 /* Foundation.framework in Frameworks */ = {isa = PBXBuildFile; fileRef = ADB75BF113DB539C00448025 /* Foundation.framework */; };
		ADB75BF413DB539C00448025 /* CoreGraphics.framework in Frameworks */ = {isa = PBXBuildFile; fileRef = ADB75BF313DB539C00448025 /* CoreGraphics.framework */; };
		ADB75BFA13DB539C00448025 /* InfoPlist.strings in Resources */ = {isa = PBXBuildFile; fileRef = ADB75BF813DB539C00448025 /* InfoPlist.strings */; };
		ADB75BFC13DB539C00448025 /* main.m in Sources */ = {isa = PBXBuildFile; fileRef = ADB75BFB13DB539C00448025 /* main.m */; };
		ADB75C0013DB539C00448025 /* SwitchControlAppDelegate.m in Sources */ = {isa = PBXBuildFile; fileRef = ADB75BFF13DB539C00448025 /* SwitchControlAppDelegate.m */; };
		ADB75C0313DB539C00448025 /* MainWindow.xib in Resources */ = {isa = PBXBuildFile; fileRef = ADB75C0113DB539C00448025 /* MainWindow.xib */; };
		ADB75C0B13DB539C00448025 /* SenTestingKit.framework in Frameworks */ = {isa = PBXBuildFile; fileRef = ADB75C0A13DB539C00448025 /* SenTestingKit.framework */; };
		ADB75C0C13DB539C00448025 /* UIKit.framework in Frameworks */ = {isa = PBXBuildFile; fileRef = ADB75BEF13DB539C00448025 /* UIKit.framework */; };
		ADB75C0D13DB539C00448025 /* Foundation.framework in Frameworks */ = {isa = PBXBuildFile; fileRef = ADB75BF113DB539C00448025 /* Foundation.framework */; };
		ADB75C0E13DB539C00448025 /* CoreGraphics.framework in Frameworks */ = {isa = PBXBuildFile; fileRef = ADB75BF313DB539C00448025 /* CoreGraphics.framework */; };
		ADB75C1613DB539C00448025 /* InfoPlist.strings in Resources */ = {isa = PBXBuildFile; fileRef = ADB75C1413DB539C00448025 /* InfoPlist.strings */; };
		ADB75C1813DB539C00448025 /* SwitchControlTests.h in Resources */ = {isa = PBXBuildFile; fileRef = ADB75C1713DB539C00448025 /* SwitchControlTests.h */; };
		ADB75C1A13DB539C00448025 /* SwitchControlTests.m in Sources */ = {isa = PBXBuildFile; fileRef = ADB75C1913DB539C00448025 /* SwitchControlTests.m */; };
		ADC7C187142D5A830045ABD0 /* 1_yellow.xml in Resources */ = {isa = PBXBuildFile; fileRef = ADC7C186142D5A830045ABD0 /* 1_yellow.xml */; };
		ADC7C189142D5B370045ABD0 /* 2_yellow_blue.xml in Resources */ = {isa = PBXBuildFile; fileRef = ADC7C188142D5B370045ABD0 /* 2_yellow_blue.xml */; };
		ADC7C18B142D5B920045ABD0 /* 4_across_y_b_m_c.xml in Resources */ = {isa = PBXBuildFile; fileRef = ADC7C18A142D5B920045ABD0 /* 4_across_y_b_m_c.xml */; };
		ADC7C18D142D62970045ABD0 /* rootSwitchViewController.m in Sources */ = {isa = PBXBuildFile; fileRef = ADC7C18C142D62970045ABD0 /* rootSwitchViewController.m */; };
		ADC7C18F142D63F80045ABD0 /* 1_green.xml in Resources */ = {isa = PBXBuildFile; fileRef = ADC7C18E142D63F80045ABD0 /* 1_green.xml */; };
		ADC7C191142D64050045ABD0 /* 1_blue.xml in Resources */ = {isa = PBXBuildFile; fileRef = ADC7C190142D64050045ABD0 /* 1_blue.xml */; };
		ADC7C193142D64110045ABD0 /* 1_red.xml in Resources */ = {isa = PBXBuildFile; fileRef = ADC7C192142D64110045ABD0 /* 1_red.xml */; };
		ADC7C195142D64980045ABD0 /* 2_green_red.xml in Resources */ = {isa = PBXBuildFile; fileRef = ADC7C194142D64980045ABD0 /* 2_green_red.xml */; };
		ADC7C197142D64D40045ABD0 /* 4_scross_g_r_b_y.xml in Resources */ = {isa = PBXBuildFile; fileRef = ADC7C196142D64D40045ABD0 /* 4_scross_g_r_b_y.xml */; };
		ADD3AEC3158D22CA0067602A /* SJUIStatusMessageLabel.m in Sources */ = {isa = PBXBuildFile; fileRef = ADD3AEC2158D22CA0067602A /* SJUIStatusMessageLabel.m */; };
		ADDF2813144CED7D000EB423 /* 4_fish_with_toggle.xml in Resources */ = {isa = PBXBuildFile; fileRef = ADDF2812144CED7D000EB423 /* 4_fish_with_toggle.xml */; };
		ADE97CE1143FBFC800521DE0 /* 4_steering.xml in Resources */ = {isa = PBXBuildFile; fileRef = ADE97CE0143FBFC800521DE0 /* 4_steering.xml */; };
		ADE97CEA1443DA5500521DE0 /* helpDisplayViewController.m in Sources */ = {isa = PBXBuildFile; fileRef = ADE97CE81443DA5500521DE0 /* helpDisplayViewController.m */; };
		ADE97CEB1443DA5500521DE0 /* helpDisplayViewController.xib in Resources */ = {isa = PBXBuildFile; fileRef = ADE97CE91443DA5500521DE0 /* helpDisplayViewController.xib */; };
/* End PBXBuildFile section */

/* Begin PBXContainerItemProxy section */
		ADB75C0F13DB539C00448025 /* PBXContainerItemProxy */ = {
			isa = PBXContainerItemProxy;
			containerPortal = ADB75BE213DB539C00448025 /* Project object */;
			proxyType = 1;
			remoteGlobalIDString = ADB75BEA13DB539C00448025;
			remoteInfo = SwitchControl;
		};
/* End PBXContainerItemProxy section */

/* Begin PBXFileReference section */
		AD0012991455E28D00BBEE91 /* switchamajig_50.png */ = {isa = PBXFileReference; lastKnownFileType = image.png; path = switchamajig_50.png; sourceTree = "<group>"; };
		AD00129A1455E28D00BBEE91 /* switchamajig_72.png */ = {isa = PBXFileReference; lastKnownFileType = image.png; path = switchamajig_72.png; sourceTree = "<group>"; };
		AD17D5ED1573521E0080A828 /* libKissXML.a */ = {isa = PBXFileReference; lastKnownFileType = archive.ar; name = libKissXML.a; path = "../KissXML/build/Release-iphoneos/libKissXML.a"; sourceTree = "<group>"; };
		AD3DD723141ACA0800DB8AEB /* Reachability.h */ = {isa = PBXFileReference; fileEncoding = 4; lastKnownFileType = sourcecode.c.h; path = Reachability.h; sourceTree = "<group>"; };
		AD3DD724141ACA0900DB8AEB /* Reachability.m */ = {isa = PBXFileReference; fileEncoding = 4; lastKnownFileType = sourcecode.c.objc; path = Reachability.m; sourceTree = "<group>"; };
		AD3DD727141AD54E00DB8AEB /* SystemConfiguration.framework */ = {isa = PBXFileReference; lastKnownFileType = wrapper.framework; name = SystemConfiguration.framework; path = System/Library/Frameworks/SystemConfiguration.framework; sourceTree = SDKROOT; };
		AD3DD729141B1DF100DB8AEB /* switchPanelViewController.h */ = {isa = PBXFileReference; fileEncoding = 4; lastKnownFileType = sourcecode.c.h; path = switchPanelViewController.h; sourceTree = "<group>"; };
		AD3DD72A141B1DF100DB8AEB /* switchPanelViewController.m */ = {isa = PBXFileReference; fileEncoding = 4; lastKnownFileType = sourcecode.c.objc; path = switchPanelViewController.m; sourceTree = "<group>"; };
		AD4D399F14AAEF3600ADA893 /* 6_tworows.xml */ = {isa = PBXFileReference; fileEncoding = 4; lastKnownFileType = text.xml; path = 6_tworows.xml; sourceTree = "<group>"; };
		AD554843154F318A008C246D /* ir_5_basic.xml */ = {isa = PBXFileReference; fileEncoding = 4; lastKnownFileType = text.xml; path = ir_5_basic.xml; sourceTree = "<group>"; };
		AD762F3A14F31BB700812CF8 /* Settings.bundle */ = {isa = PBXFileReference; lastKnownFileType = "wrapper.plug-in"; path = Settings.bundle; sourceTree = "<group>"; };
		AD762F3D14F3650D00812CF8 /* 6_steering.xml */ = {isa = PBXFileReference; fileEncoding = 4; lastKnownFileType = text.xml; path = 6_steering.xml; sourceTree = "<group>"; };
		AD83005F14E068A7007E5773 /* socket_switchamajig1_cfg.cpp */ = {isa = PBXFileReference; fileEncoding = 4; lastKnownFileType = sourcecode.cpp.cpp; path = socket_switchamajig1_cfg.cpp; sourceTree = "<group>"; };
		AD83006214E068C6007E5773 /* socket_switchamajig1_cfg.hpp */ = {isa = PBXFileReference; explicitFileType = sourcecode.cpp.h; fileEncoding = 4; path = socket_switchamajig1_cfg.hpp; sourceTree = "<group>"; };
		AD86623114B567AB00C5860D /* configViewController.h */ = {isa = PBXFileReference; fileEncoding = 4; lastKnownFileType = sourcecode.c.h; path = configViewController.h; sourceTree = "<group>"; };
		AD86623214B567AB00C5860D /* configViewController.m */ = {isa = PBXFileReference; fileEncoding = 4; lastKnownFileType = sourcecode.c.objc; path = configViewController.m; sourceTree = "<group>"; };
		AD86623314B567AB00C5860D /* configViewController.xib */ = {isa = PBXFileReference; fileEncoding = 4; lastKnownFileType = file.xib; path = configViewController.xib; sourceTree = "<group>"; };
		AD921B00157D507A00940981 /* libSwitchamajigDriver.a */ = {isa = PBXFileReference; lastKnownFileType = archive.ar; name = libSwitchamajigDriver.a; path = "../SwitchamajigDriver/build/Release-iphoneos/libSwitchamajigDriver.a"; sourceTree = "<group>"; };
		AD921B03157D6CA000940981 /* CFNetwork.framework */ = {isa = PBXFileReference; lastKnownFileType = wrapper.framework; name = CFNetwork.framework; path = System/Library/Frameworks/CFNetwork.framework; sourceTree = SDKROOT; };
		AD921B05157D6CAC00940981 /* Security.framework */ = {isa = PBXFileReference; lastKnownFileType = wrapper.framework; name = Security.framework; path = System/Library/Frameworks/Security.framework; sourceTree = SDKROOT; };
		ADB75BEB13DB539C00448025 /* SwitchControl.app */ = {isa = PBXFileReference; explicitFileType = wrapper.application; includeInIndex = 0; path = SwitchControl.app; sourceTree = BUILT_PRODUCTS_DIR; };
		ADB75BEF13DB539C00448025 /* UIKit.framework */ = {isa = PBXFileReference; lastKnownFileType = wrapper.framework; name = UIKit.framework; path = System/Library/Frameworks/UIKit.framework; sourceTree = SDKROOT; };
		ADB75BF113DB539C00448025 /* Foundation.framework */ = {isa = PBXFileReference; lastKnownFileType = wrapper.framework; name = Foundation.framework; path = System/Library/Frameworks/Foundation.framework; sourceTree = SDKROOT; };
		ADB75BF313DB539C00448025 /* CoreGraphics.framework */ = {isa = PBXFileReference; lastKnownFileType = wrapper.framework; name = CoreGraphics.framework; path = System/Library/Frameworks/CoreGraphics.framework; sourceTree = SDKROOT; };
		ADB75BF713DB539C00448025 /* SwitchControl-Info.plist */ = {isa = PBXFileReference; lastKnownFileType = text.plist.xml; path = "SwitchControl-Info.plist"; sourceTree = "<group>"; };
		ADB75BF913DB539C00448025 /* en */ = {isa = PBXFileReference; lastKnownFileType = text.plist.strings; name = en; path = en.lproj/InfoPlist.strings; sourceTree = "<group>"; };
		ADB75BFB13DB539C00448025 /* main.m */ = {isa = PBXFileReference; lastKnownFileType = sourcecode.c.objc; path = main.m; sourceTree = "<group>"; };
		ADB75BFD13DB539C00448025 /* SwitchControl-Prefix.pch */ = {isa = PBXFileReference; lastKnownFileType = sourcecode.c.h; path = "SwitchControl-Prefix.pch"; sourceTree = "<group>"; };
		ADB75BFE13DB539C00448025 /* SwitchControlAppDelegate.h */ = {isa = PBXFileReference; lastKnownFileType = sourcecode.c.h; path = SwitchControlAppDelegate.h; sourceTree = "<group>"; };
		ADB75BFF13DB539C00448025 /* SwitchControlAppDelegate.m */ = {isa = PBXFileReference; lastKnownFileType = sourcecode.c.objc; path = SwitchControlAppDelegate.m; sourceTree = "<group>"; };
		ADB75C0213DB539C00448025 /* en */ = {isa = PBXFileReference; lastKnownFileType = file.xib; name = en; path = en.lproj/MainWindow.xib; sourceTree = "<group>"; };
		ADB75C0913DB539C00448025 /* SwitchControlTests.octest */ = {isa = PBXFileReference; explicitFileType = wrapper.cfbundle; includeInIndex = 0; path = SwitchControlTests.octest; sourceTree = BUILT_PRODUCTS_DIR; };
		ADB75C0A13DB539C00448025 /* SenTestingKit.framework */ = {isa = PBXFileReference; lastKnownFileType = wrapper.framework; name = SenTestingKit.framework; path = Library/Frameworks/SenTestingKit.framework; sourceTree = DEVELOPER_DIR; };
		ADB75C1313DB539C00448025 /* SwitchControlTests-Info.plist */ = {isa = PBXFileReference; lastKnownFileType = text.plist.xml; path = "SwitchControlTests-Info.plist"; sourceTree = "<group>"; };
		ADB75C1513DB539C00448025 /* en */ = {isa = PBXFileReference; lastKnownFileType = text.plist.strings; name = en; path = en.lproj/InfoPlist.strings; sourceTree = "<group>"; };
		ADB75C1713DB539C00448025 /* SwitchControlTests.h */ = {isa = PBXFileReference; lastKnownFileType = sourcecode.c.h; path = SwitchControlTests.h; sourceTree = "<group>"; };
		ADB75C1913DB539C00448025 /* SwitchControlTests.m */ = {isa = PBXFileReference; lastKnownFileType = sourcecode.c.objc; path = SwitchControlTests.m; sourceTree = "<group>"; };
		ADBA89B713E0D09500A89CB6 /* rootSwitchViewController.h */ = {isa = PBXFileReference; fileEncoding = 4; lastKnownFileType = sourcecode.c.h; path = rootSwitchViewController.h; sourceTree = "<group>"; };
		ADC7C186142D5A830045ABD0 /* 1_yellow.xml */ = {isa = PBXFileReference; fileEncoding = 4; lastKnownFileType = text.xml; path = 1_yellow.xml; sourceTree = "<group>"; };
		ADC7C188142D5B370045ABD0 /* 2_yellow_blue.xml */ = {isa = PBXFileReference; fileEncoding = 4; lastKnownFileType = text.xml; path = 2_yellow_blue.xml; sourceTree = "<group>"; };
		ADC7C18A142D5B920045ABD0 /* 4_across_y_b_m_c.xml */ = {isa = PBXFileReference; fileEncoding = 4; lastKnownFileType = text.xml; path = 4_across_y_b_m_c.xml; sourceTree = "<group>"; };
		ADC7C18C142D62970045ABD0 /* rootSwitchViewController.m */ = {isa = PBXFileReference; fileEncoding = 4; lastKnownFileType = sourcecode.c.objc; path = rootSwitchViewController.m; sourceTree = "<group>"; };
		ADC7C18E142D63F80045ABD0 /* 1_green.xml */ = {isa = PBXFileReference; fileEncoding = 4; lastKnownFileType = text.xml; path = 1_green.xml; sourceTree = "<group>"; };
		ADC7C190142D64050045ABD0 /* 1_blue.xml */ = {isa = PBXFileReference; fileEncoding = 4; lastKnownFileType = text.xml; path = 1_blue.xml; sourceTree = "<group>"; };
		ADC7C192142D64110045ABD0 /* 1_red.xml */ = {isa = PBXFileReference; fileEncoding = 4; lastKnownFileType = text.xml; path = 1_red.xml; sourceTree = "<group>"; };
		ADC7C194142D64980045ABD0 /* 2_green_red.xml */ = {isa = PBXFileReference; fileEncoding = 4; lastKnownFileType = text.xml; path = 2_green_red.xml; sourceTree = "<group>"; };
		ADC7C196142D64D40045ABD0 /* 4_scross_g_r_b_y.xml */ = {isa = PBXFileReference; fileEncoding = 4; lastKnownFileType = text.xml; path = 4_scross_g_r_b_y.xml; sourceTree = "<group>"; };
		ADD3AEC1158D22CA0067602A /* SJUIStatusMessageLabel.h */ = {isa = PBXFileReference; fileEncoding = 4; lastKnownFileType = sourcecode.c.h; path = SJUIStatusMessageLabel.h; sourceTree = "<group>"; };
		ADD3AEC2158D22CA0067602A /* SJUIStatusMessageLabel.m */ = {isa = PBXFileReference; fileEncoding = 4; lastKnownFileType = sourcecode.c.objc; path = SJUIStatusMessageLabel.m; sourceTree = "<group>"; };
		ADDF2812144CED7D000EB423 /* 4_fish_with_toggle.xml */ = {isa = PBXFileReference; fileEncoding = 4; lastKnownFileType = text.xml; path = 4_fish_with_toggle.xml; sourceTree = "<group>"; };
		ADE97CE0143FBFC800521DE0 /* 4_steering.xml */ = {isa = PBXFileReference; fileEncoding = 4; lastKnownFileType = text.xml; path = 4_steering.xml; sourceTree = "<group>"; };
		ADE97CE71443DA5500521DE0 /* helpDisplayViewController.h */ = {isa = PBXFileReference; fileEncoding = 4; lastKnownFileType = sourcecode.c.h; name = helpDisplayViewController.h; path = ../helpDisplayViewController.h; sourceTree = "<group>"; };
		ADE97CE81443DA5500521DE0 /* helpDisplayViewController.m */ = {isa = PBXFileReference; fileEncoding = 4; lastKnownFileType = sourcecode.c.objc; name = helpDisplayViewController.m; path = ../helpDisplayViewController.m; sourceTree = "<group>"; };
		ADE97CE91443DA5500521DE0 /* helpDisplayViewController.xib */ = {isa = PBXFileReference; fileEncoding = 4; lastKnownFileType = file.xib; name = helpDisplayViewController.xib; path = ../helpDisplayViewController.xib; sourceTree = "<group>"; };
/* End PBXFileReference section */

/* Begin PBXFrameworksBuildPhase section */
		ADB75BE813DB539C00448025 /* Frameworks */ = {
			isa = PBXFrameworksBuildPhase;
			buildActionMask = 2147483647;
			files = (
				AD921B06157D6CAC00940981 /* Security.framework in Frameworks */,
				AD921B04157D6CA100940981 /* CFNetwork.framework in Frameworks */,
				AD921B01157D507A00940981 /* libSwitchamajigDriver.a in Frameworks */,
				AD17D5EE1573521E0080A828 /* libKissXML.a in Frameworks */,
				ADB75BF013DB539C00448025 /* UIKit.framework in Frameworks */,
				ADB75BF213DB539C00448025 /* Foundation.framework in Frameworks */,
				ADB75BF413DB539C00448025 /* CoreGraphics.framework in Frameworks */,
				AD3DD728141AD54E00DB8AEB /* SystemConfiguration.framework in Frameworks */,
			);
			runOnlyForDeploymentPostprocessing = 0;
		};
		ADB75C0513DB539C00448025 /* Frameworks */ = {
			isa = PBXFrameworksBuildPhase;
			buildActionMask = 2147483647;
			files = (
				ADB75C0B13DB539C00448025 /* SenTestingKit.framework in Frameworks */,
				ADB75C0C13DB539C00448025 /* UIKit.framework in Frameworks */,
				ADB75C0D13DB539C00448025 /* Foundation.framework in Frameworks */,
				ADB75C0E13DB539C00448025 /* CoreGraphics.framework in Frameworks */,
			);
			runOnlyForDeploymentPostprocessing = 0;
		};
/* End PBXFrameworksBuildPhase section */

/* Begin PBXGroup section */
		ADB75BE013DB539C00448025 = {
			isa = PBXGroup;
			children = (
				AD921B05157D6CAC00940981 /* Security.framework */,
				AD921B03157D6CA000940981 /* CFNetwork.framework */,
				AD921B00157D507A00940981 /* libSwitchamajigDriver.a */,
				AD17D5ED1573521E0080A828 /* libKissXML.a */,
				AD762F3D14F3650D00812CF8 /* 6_steering.xml */,
				AD0012991455E28D00BBEE91 /* switchamajig_50.png */,
				AD00129A1455E28D00BBEE91 /* switchamajig_72.png */,
				AD4D399F14AAEF3600ADA893 /* 6_tworows.xml */,
				AD554843154F318A008C246D /* ir_5_basic.xml */,
				ADDF2812144CED7D000EB423 /* 4_fish_with_toggle.xml */,
				ADE97CE0143FBFC800521DE0 /* 4_steering.xml */,
				ADC7C196142D64D40045ABD0 /* 4_scross_g_r_b_y.xml */,
				ADC7C194142D64980045ABD0 /* 2_green_red.xml */,
				ADC7C192142D64110045ABD0 /* 1_red.xml */,
				ADC7C190142D64050045ABD0 /* 1_blue.xml */,
				ADC7C18E142D63F80045ABD0 /* 1_green.xml */,
				ADC7C18A142D5B920045ABD0 /* 4_across_y_b_m_c.xml */,
				ADC7C188142D5B370045ABD0 /* 2_yellow_blue.xml */,
				ADC7C186142D5A830045ABD0 /* 1_yellow.xml */,
				ADB75BF513DB539C00448025 /* SwitchControl */,
				ADB75C1113DB539C00448025 /* SwitchControlTests */,
				ADB75BEE13DB539C00448025 /* Frameworks */,
				ADB75BEC13DB539C00448025 /* Products */,
			);
			sourceTree = "<group>";
		};
		ADB75BEC13DB539C00448025 /* Products */ = {
			isa = PBXGroup;
			children = (
				ADB75BEB13DB539C00448025 /* SwitchControl.app */,
				ADB75C0913DB539C00448025 /* SwitchControlTests.octest */,
			);
			name = Products;
			sourceTree = "<group>";
		};
		ADB75BEE13DB539C00448025 /* Frameworks */ = {
			isa = PBXGroup;
			children = (
				AD3DD727141AD54E00DB8AEB /* SystemConfiguration.framework */,
				ADB75BEF13DB539C00448025 /* UIKit.framework */,
				ADB75BF113DB539C00448025 /* Foundation.framework */,
				ADB75BF313DB539C00448025 /* CoreGraphics.framework */,
				ADB75C0A13DB539C00448025 /* SenTestingKit.framework */,
			);
			name = Frameworks;
			sourceTree = "<group>";
		};
		ADB75BF513DB539C00448025 /* SwitchControl */ = {
			isa = PBXGroup;
			children = (
				ADE97CE71443DA5500521DE0 /* helpDisplayViewController.h */,
				ADE97CE81443DA5500521DE0 /* helpDisplayViewController.m */,
				ADE97CE91443DA5500521DE0 /* helpDisplayViewController.xib */,
				AD3DD723141ACA0800DB8AEB /* Reachability.h */,
				AD3DD724141ACA0900DB8AEB /* Reachability.m */,
				ADB75BFE13DB539C00448025 /* SwitchControlAppDelegate.h */,
				ADB75BFF13DB539C00448025 /* SwitchControlAppDelegate.m */,
				ADD3AEC1158D22CA0067602A /* SJUIStatusMessageLabel.h */,
				ADD3AEC2158D22CA0067602A /* SJUIStatusMessageLabel.m */,
				ADB75C0113DB539C00448025 /* MainWindow.xib */,
				ADB75BF613DB539C00448025 /* Supporting Files */,
				ADC7C18C142D62970045ABD0 /* rootSwitchViewController.m */,
				ADBA89B713E0D09500A89CB6 /* rootSwitchViewController.h */,
				AD3DD729141B1DF100DB8AEB /* switchPanelViewController.h */,
				AD3DD72A141B1DF100DB8AEB /* switchPanelViewController.m */,
				AD86623114B567AB00C5860D /* configViewController.h */,
				AD86623214B567AB00C5860D /* configViewController.m */,
				AD86623314B567AB00C5860D /* configViewController.xib */,
				AD83005F14E068A7007E5773 /* socket_switchamajig1_cfg.cpp */,
				AD83006214E068C6007E5773 /* socket_switchamajig1_cfg.hpp */,
			);
			path = SwitchControl;
			sourceTree = "<group>";
		};
		ADB75BF613DB539C00448025 /* Supporting Files */ = {
			isa = PBXGroup;
			children = (
				ADB75BF713DB539C00448025 /* SwitchControl-Info.plist */,
				AD762F3A14F31BB700812CF8 /* Settings.bundle */,
				ADB75BF813DB539C00448025 /* InfoPlist.strings */,
				ADB75BFB13DB539C00448025 /* main.m */,
				ADB75BFD13DB539C00448025 /* SwitchControl-Prefix.pch */,
			);
			name = "Supporting Files";
			sourceTree = "<group>";
		};
		ADB75C1113DB539C00448025 /* SwitchControlTests */ = {
			isa = PBXGroup;
			children = (
				ADB75C1713DB539C00448025 /* SwitchControlTests.h */,
				ADB75C1913DB539C00448025 /* SwitchControlTests.m */,
				ADB75C1213DB539C00448025 /* Supporting Files */,
			);
			path = SwitchControlTests;
			sourceTree = "<group>";
		};
		ADB75C1213DB539C00448025 /* Supporting Files */ = {
			isa = PBXGroup;
			children = (
				ADB75C1313DB539C00448025 /* SwitchControlTests-Info.plist */,
				ADB75C1413DB539C00448025 /* InfoPlist.strings */,
			);
			name = "Supporting Files";
			sourceTree = "<group>";
		};
/* End PBXGroup section */

/* Begin PBXNativeTarget section */
		ADB75BEA13DB539C00448025 /* SwitchControl */ = {
			isa = PBXNativeTarget;
			buildConfigurationList = ADB75C1D13DB539C00448025 /* Build configuration list for PBXNativeTarget "SwitchControl" */;
			buildPhases = (
				ADB75BE713DB539C00448025 /* Sources */,
				ADB75BE813DB539C00448025 /* Frameworks */,
				ADB75BE913DB539C00448025 /* Resources */,
			);
			buildRules = (
			);
			dependencies = (
			);
			name = SwitchControl;
			productName = SwitchControl;
			productReference = ADB75BEB13DB539C00448025 /* SwitchControl.app */;
			productType = "com.apple.product-type.application";
		};
		ADB75C0813DB539C00448025 /* SwitchControlTests */ = {
			isa = PBXNativeTarget;
			buildConfigurationList = ADB75C2013DB539C00448025 /* Build configuration list for PBXNativeTarget "SwitchControlTests" */;
			buildPhases = (
				ADB75C0413DB539C00448025 /* Sources */,
				ADB75C0513DB539C00448025 /* Frameworks */,
				ADB75C0613DB539C00448025 /* Resources */,
				ADB75C0713DB539C00448025 /* ShellScript */,
			);
			buildRules = (
			);
			dependencies = (
				ADB75C1013DB539C00448025 /* PBXTargetDependency */,
			);
			name = SwitchControlTests;
			productName = SwitchControlTests;
			productReference = ADB75C0913DB539C00448025 /* SwitchControlTests.octest */;
			productType = "com.apple.product-type.bundle";
		};
/* End PBXNativeTarget section */

/* Begin PBXProject section */
		ADB75BE213DB539C00448025 /* Project object */ = {
			isa = PBXProject;
			attributes = {
				LastUpgradeCheck = 0430;
				ORGANIZATIONNAME = "PAW Solutions";
			};
			buildConfigurationList = ADB75BE513DB539C00448025 /* Build configuration list for PBXProject "SwitchControl" */;
			compatibilityVersion = "Xcode 3.2";
			developmentRegion = English;
			hasScannedForEncodings = 0;
			knownRegions = (
				en,
			);
			mainGroup = ADB75BE013DB539C00448025;
			productRefGroup = ADB75BEC13DB539C00448025 /* Products */;
			projectDirPath = "";
			projectRoot = "";
			targets = (
				ADB75BEA13DB539C00448025 /* SwitchControl */,
				ADB75C0813DB539C00448025 /* SwitchControlTests */,
			);
		};
/* End PBXProject section */

/* Begin PBXResourcesBuildPhase section */
		ADB75BE913DB539C00448025 /* Resources */ = {
			isa = PBXResourcesBuildPhase;
			buildActionMask = 2147483647;
			files = (
				ADB75BFA13DB539C00448025 /* InfoPlist.strings in Resources */,
				ADB75C0313DB539C00448025 /* MainWindow.xib in Resources */,
				ADC7C187142D5A830045ABD0 /* 1_yellow.xml in Resources */,
				ADC7C189142D5B370045ABD0 /* 2_yellow_blue.xml in Resources */,
				ADC7C18B142D5B920045ABD0 /* 4_across_y_b_m_c.xml in Resources */,
				ADC7C18F142D63F80045ABD0 /* 1_green.xml in Resources */,
				ADC7C191142D64050045ABD0 /* 1_blue.xml in Resources */,
				ADC7C193142D64110045ABD0 /* 1_red.xml in Resources */,
				ADC7C195142D64980045ABD0 /* 2_green_red.xml in Resources */,
				ADC7C197142D64D40045ABD0 /* 4_scross_g_r_b_y.xml in Resources */,
				ADE97CE1143FBFC800521DE0 /* 4_steering.xml in Resources */,
				ADE97CEB1443DA5500521DE0 /* helpDisplayViewController.xib in Resources */,
				ADDF2813144CED7D000EB423 /* 4_fish_with_toggle.xml in Resources */,
				AD00129B1455E28D00BBEE91 /* switchamajig_50.png in Resources */,
				AD00129C1455E28D00BBEE91 /* switchamajig_72.png in Resources */,
				AD4D39A014AAEF3600ADA893 /* 6_tworows.xml in Resources */,
				AD86623514B567AB00C5860D /* configViewController.xib in Resources */,
				AD762F3B14F31BB700812CF8 /* Settings.bundle in Resources */,
				AD762F3E14F3650E00812CF8 /* 6_steering.xml in Resources */,
				AD554844154F318A008C246D /* ir_5_basic.xml in Resources */,
			);
			runOnlyForDeploymentPostprocessing = 0;
		};
		ADB75C0613DB539C00448025 /* Resources */ = {
			isa = PBXResourcesBuildPhase;
			buildActionMask = 2147483647;
			files = (
				ADB75C1613DB539C00448025 /* InfoPlist.strings in Resources */,
				ADB75C1813DB539C00448025 /* SwitchControlTests.h in Resources */,
			);
			runOnlyForDeploymentPostprocessing = 0;
		};
/* End PBXResourcesBuildPhase section */

/* Begin PBXShellScriptBuildPhase section */
		ADB75C0713DB539C00448025 /* ShellScript */ = {
			isa = PBXShellScriptBuildPhase;
			buildActionMask = 2147483647;
			files = (
			);
			inputPaths = (
			);
			outputPaths = (
			);
			runOnlyForDeploymentPostprocessing = 0;
			shellPath = /bin/sh;
			shellScript = "# Run the unit tests in this test bundle.\n\"${SYSTEM_DEVELOPER_DIR}/Tools/RunUnitTests\"\n";
		};
/* End PBXShellScriptBuildPhase section */

/* Begin PBXSourcesBuildPhase section */
		ADB75BE713DB539C00448025 /* Sources */ = {
			isa = PBXSourcesBuildPhase;
			buildActionMask = 2147483647;
			files = (
				ADB75BFC13DB539C00448025 /* main.m in Sources */,
				ADB75C0013DB539C00448025 /* SwitchControlAppDelegate.m in Sources */,
				AD3DD725141ACA0900DB8AEB /* Reachability.m in Sources */,
				AD3DD72B141B1DF100DB8AEB /* switchPanelViewController.m in Sources */,
				ADC7C18D142D62970045ABD0 /* rootSwitchViewController.m in Sources */,
				ADE97CEA1443DA5500521DE0 /* helpDisplayViewController.m in Sources */,
				AD86623414B567AB00C5860D /* configViewController.m in Sources */,
				AD83006014E068A7007E5773 /* socket_switchamajig1_cfg.cpp in Sources */,
				ADD3AEC3158D22CA0067602A /* SJUIStatusMessageLabel.m in Sources */,
			);
			runOnlyForDeploymentPostprocessing = 0;
		};
		ADB75C0413DB539C00448025 /* Sources */ = {
			isa = PBXSourcesBuildPhase;
			buildActionMask = 2147483647;
			files = (
				ADB75C1A13DB539C00448025 /* SwitchControlTests.m in Sources */,
			);
			runOnlyForDeploymentPostprocessing = 0;
		};
/* End PBXSourcesBuildPhase section */

/* Begin PBXTargetDependency section */
		ADB75C1013DB539C00448025 /* PBXTargetDependency */ = {
			isa = PBXTargetDependency;
			target = ADB75BEA13DB539C00448025 /* SwitchControl */;
			targetProxy = ADB75C0F13DB539C00448025 /* PBXContainerItemProxy */;
		};
/* End PBXTargetDependency section */

/* Begin PBXVariantGroup section */
		ADB75BF813DB539C00448025 /* InfoPlist.strings */ = {
			isa = PBXVariantGroup;
			children = (
				ADB75BF913DB539C00448025 /* en */,
			);
			name = InfoPlist.strings;
			sourceTree = "<group>";
		};
		ADB75C0113DB539C00448025 /* MainWindow.xib */ = {
			isa = PBXVariantGroup;
			children = (
				ADB75C0213DB539C00448025 /* en */,
			);
			name = MainWindow.xib;
			sourceTree = "<group>";
		};
		ADB75C1413DB539C00448025 /* InfoPlist.strings */ = {
			isa = PBXVariantGroup;
			children = (
				ADB75C1513DB539C00448025 /* en */,
			);
			name = InfoPlist.strings;
			sourceTree = "<group>";
		};
/* End PBXVariantGroup section */

/* Begin XCBuildConfiguration section */
		ADB75C1B13DB539C00448025 /* Debug */ = {
			isa = XCBuildConfiguration;
			buildSettings = {
				ALWAYS_SEARCH_USER_PATHS = NO;
				ARCHS = "$(ARCHS_UNIVERSAL_IPHONE_OS)";
				CLANG_ENABLE_OBJC_ARC = YES;
				"CODE_SIGN_IDENTITY[sdk=iphoneos*]" = "iPhone Developer";
				COMPRESS_PNG_FILES = YES;
				COPY_PHASE_STRIP = NO;
				GCC_C_LANGUAGE_STANDARD = gnu99;
				GCC_DYNAMIC_NO_PIC = NO;
				GCC_OPTIMIZATION_LEVEL = 0;
				GCC_PREPROCESSOR_DEFINITIONS = (
					"DEBUG=1",
					"$(inherited)",
				);
				GCC_SYMBOLS_PRIVATE_EXTERN = NO;
				GCC_VERSION = com.apple.compilers.llvmgcc42;
				GCC_WARN_ABOUT_MISSING_PROTOTYPES = YES;
				GCC_WARN_ABOUT_RETURN_TYPE = YES;
				GCC_WARN_UNUSED_VARIABLE = YES;
				"HEADER_SEARCH_PATHS[arch=*]" = /usr/include/libxml2;
				IPHONEOS_DEPLOYMENT_TARGET = 4.3;
				"OTHER_LDFLAGS[arch=*]" = (
					"-lxml2",
					"-ObjC",
				);
				PRODUCT_NAME = Switchamajig;
				"PROVISIONING_PROFILE[sdk=iphoneos*]" = "";
				SDKROOT = iphoneos;
				TARGETED_DEVICE_FAMILY = 2;
			};
			name = Debug;
		};
		ADB75C1C13DB539C00448025 /* Release */ = {
			isa = XCBuildConfiguration;
			buildSettings = {
				ALWAYS_SEARCH_USER_PATHS = NO;
				ARCHS = "$(ARCHS_UNIVERSAL_IPHONE_OS)";
				CLANG_ENABLE_OBJC_ARC = YES;
				"CODE_SIGN_IDENTITY[sdk=iphoneos*]" = "iPhone Distribution";
				COMPRESS_PNG_FILES = YES;
				COPY_PHASE_STRIP = YES;
				GCC_C_LANGUAGE_STANDARD = gnu99;
				GCC_VERSION = com.apple.compilers.llvmgcc42;
				GCC_WARN_ABOUT_MISSING_PROTOTYPES = YES;
				GCC_WARN_ABOUT_RETURN_TYPE = YES;
				GCC_WARN_UNUSED_VARIABLE = YES;
				"HEADER_SEARCH_PATHS[arch=*]" = /usr/include/libxml2;
				IPHONEOS_DEPLOYMENT_TARGET = 4.3;
				OTHER_CFLAGS = "-DNS_BLOCK_ASSERTIONS=1";
				"OTHER_LDFLAGS[arch=*]" = (
					"-lxml2",
					"-ObjC",
				);
				PRODUCT_NAME = Switchamajig;
				"PROVISIONING_PROFILE[sdk=iphoneos*]" = "";
				SDKROOT = iphoneos;
				TARGETED_DEVICE_FAMILY = 2;
				VALIDATE_PRODUCT = NO;
			};
			name = Release;
		};
		ADB75C1E13DB539C00448025 /* Debug */ = {
			isa = XCBuildConfiguration;
			buildSettings = {
				CLANG_ENABLE_OBJC_ARC = YES;
				GCC_PRECOMPILE_PREFIX_HEADER = YES;
				GCC_PREFIX_HEADER = "SwitchControl/SwitchControl-Prefix.pch";
				GCC_VERSION = com.apple.compilers.llvm.clang.1_0;
				INFOPLIST_FILE = "SwitchControl/SwitchControl-Info.plist";
				IPHONEOS_DEPLOYMENT_TARGET = 4.3;
				PRODUCT_NAME = "$(TARGET_NAME)";
				TARGETED_DEVICE_FAMILY = 2;
				"USER_HEADER_SEARCH_PATHS[arch=*]" = "$(BUILT_PRODUCTS_DIR)";
				WRAPPER_EXTENSION = app;
			};
			name = Debug;
		};
		ADB75C1F13DB539C00448025 /* Release */ = {
			isa = XCBuildConfiguration;
			buildSettings = {
				CLANG_ENABLE_OBJC_ARC = YES;
				GCC_PRECOMPILE_PREFIX_HEADER = YES;
				GCC_PREFIX_HEADER = "SwitchControl/SwitchControl-Prefix.pch";
				GCC_VERSION = com.apple.compilers.llvm.clang.1_0;
				INFOPLIST_FILE = "SwitchControl/SwitchControl-Info.plist";
				IPHONEOS_DEPLOYMENT_TARGET = 4.3;
				PRODUCT_NAME = "$(TARGET_NAME)";
				TARGETED_DEVICE_FAMILY = 2;
				"USER_HEADER_SEARCH_PATHS[arch=*]" = "$(BUILT_PRODUCTS_DIR)";
				WRAPPER_EXTENSION = app;
			};
			name = Release;
		};
		ADB75C2113DB539C00448025 /* Debug */ = {
			isa = XCBuildConfiguration;
			buildSettings = {
				ARCHS = "$(ARCHS_STANDARD_32_BIT)";
				BUNDLE_LOADER = "$(BUILT_PRODUCTS_DIR)/SwitchControl.app/SwitchControl";
				FRAMEWORK_SEARCH_PATHS = (
					"$(SDKROOT)/Developer/Library/Frameworks",
					"$(DEVELOPER_LIBRARY_DIR)/Frameworks",
				);
				GCC_PRECOMPILE_PREFIX_HEADER = YES;
				GCC_PREFIX_HEADER = "SwitchControl/SwitchControl-Prefix.pch";
				GCC_VERSION = com.apple.compilers.llvm.clang.1_0;
				INFOPLIST_FILE = "SwitchControlTests/SwitchControlTests-Info.plist";
				PRODUCT_NAME = "$(TARGET_NAME)";
				TEST_HOST = "$(BUNDLE_LOADER)";
				WRAPPER_EXTENSION = octest;
			};
			name = Debug;
		};
		ADB75C2213DB539C00448025 /* Release */ = {
			isa = XCBuildConfiguration;
			buildSettings = {
				ARCHS = "$(ARCHS_STANDARD_32_BIT)";
				BUNDLE_LOADER = "$(BUILT_PRODUCTS_DIR)/SwitchControl.app/SwitchControl";
				FRAMEWORK_SEARCH_PATHS = (
					"$(SDKROOT)/Developer/Library/Frameworks",
					"$(DEVELOPER_LIBRARY_DIR)/Frameworks",
				);
				GCC_PRECOMPILE_PREFIX_HEADER = YES;
				GCC_PREFIX_HEADER = "SwitchControl/SwitchControl-Prefix.pch";
				GCC_VERSION = com.apple.compilers.llvm.clang.1_0;
				INFOPLIST_FILE = "SwitchControlTests/SwitchControlTests-Info.plist";
				PRODUCT_NAME = "$(TARGET_NAME)";
				TEST_HOST = "$(BUNDLE_LOADER)";
				WRAPPER_EXTENSION = octest;
			};
			name = Release;
		};
/* End XCBuildConfiguration section */

/* Begin XCConfigurationList section */
		ADB75BE513DB539C00448025 /* Build configuration list for PBXProject "SwitchControl" */ = {
			isa = XCConfigurationList;
			buildConfigurations = (
				ADB75C1B13DB539C00448025 /* Debug */,
				ADB75C1C13DB539C00448025 /* Release */,
			);
			defaultConfigurationIsVisible = 0;
			defaultConfigurationName = Release;
		};
		ADB75C1D13DB539C00448025 /* Build configuration list for PBXNativeTarget "SwitchControl" */ = {
			isa = XCConfigurationList;
			buildConfigurations = (
				ADB75C1E13DB539C00448025 /* Debug */,
				ADB75C1F13DB539C00448025 /* Release */,
			);
			defaultConfigurationIsVisible = 0;
			defaultConfigurationName = Release;
		};
		ADB75C2013DB539C00448025 /* Build configuration list for PBXNativeTarget "SwitchControlTests" */ = {
			isa = XCConfigurationList;
			buildConfigurations = (
				ADB75C2113DB539C00448025 /* Debug */,
				ADB75C2213DB539C00448025 /* Release */,
			);
			defaultConfigurationIsVisible = 0;
			defaultConfigurationName = Release;
		};
/* End XCConfigurationList section */
	};
	rootObject = ADB75BE213DB539C00448025 /* Project object */;
}
